
Microsoft Visual Studio Solution File, Format Version 12.00
# Visual Studio Version 17
VisualStudioVersion = 17.10.34902.84
MinimumVisualStudioVersion = 10.0.40219.1
Project("{FAE04EC0-301F-11D3-BF4B-00C04F79EFBC}") = "AssessmentWeb", "AssessmentWeb\AssessmentWeb.csproj", "{C275AC82-82EB-4387-A59C-6D0B00F6C7D1}"
EndProject
Project("{FAE04EC0-301F-11D3-BF4B-00C04F79EFBC}") = "Assessment.DataAccess", "Assessmenet.DataAccess\Assessment.DataAccess.csproj", "{CC5CDBC1-D987-4DEA-83B3-8DB90ED5F397}"
EndProject
Project("{FAE04EC0-301F-11D3-BF4B-00C04F79EFBC}") = "Assessment.Models", "Assessment.Models\Assessment.Models.csproj", "{198BAD45-BDE2-4BB7-A357-A5DCFB0CEC5D}"
EndProject
Project("{FAE04EC0-301F-11D3-BF4B-00C04F79EFBC}") = "Assessment.Utility", "Assessment.Utility\Assessment.Utility.csproj", "{D14C2B18-3E89-4DF6-86AB-B2F617C97F0C}"
EndProject
Global
	GlobalSection(SolutionConfigurationPlatforms) = preSolution
		Debug|Any CPU = Debug|Any CPU
		Release|Any CPU = Release|Any CPU
	EndGlobalSection
	GlobalSection(ProjectConfigurationPlatforms) = postSolution
		{C275AC82-82EB-4387-A59C-6D0B00F6C7D1}.Debug|Any CPU.ActiveCfg = Debug|Any CPU
		{C275AC82-82EB-4387-A59C-6D0B00F6C7D1}.Debug|Any CPU.Build.0 = Debug|Any CPU
		{C275AC82-82EB-4387-A59C-6D0B00F6C7D1}.Release|Any CPU.ActiveCfg = Release|Any CPU
		{C275AC82-82EB-4387-A59C-6D0B00F6C7D1}.Release|Any CPU.Build.0 = Release|Any CPU
		{CC5CDBC1-D987-4DEA-83B3-8DB90ED5F397}.Debug|Any CPU.ActiveCfg = Debug|Any CPU
		{CC5CDBC1-D987-4DEA-83B3-8DB90ED5F397}.Debug|Any CPU.Build.0 = Debug|Any CPU
		{CC5CDBC1-D987-4DEA-83B3-8DB90ED5F397}.Release|Any CPU.ActiveCfg = Release|Any CPU
		{CC5CDBC1-D987-4DEA-83B3-8DB90ED5F397}.Release|Any CPU.Build.0 = Release|Any CPU
		{198BAD45-BDE2-4BB7-A357-A5DCFB0CEC5D}.Debug|Any CPU.ActiveCfg = Debug|Any CPU
		{198BAD45-BDE2-4BB7-A357-A5DCFB0CEC5D}.Debug|Any CPU.Build.0 = Debug|Any CPU
		{198BAD45-BDE2-4BB7-A357-A5DCFB0CEC5D}.Release|Any CPU.ActiveCfg = Release|Any CPU
		{198BAD45-BDE2-4BB7-A357-A5DCFB0CEC5D}.Release|Any CPU.Build.0 = Release|Any CPU
		{D14C2B18-3E89-4DF6-86AB-B2F617C97F0C}.Debug|Any CPU.ActiveCfg = Debug|Any CPU
		{D14C2B18-3E89-4DF6-86AB-B2F617C97F0C}.Debug|Any CPU.Build.0 = Debug|Any CPU
		{D14C2B18-3E89-4DF6-86AB-B2F617C97F0C}.Release|Any CPU.ActiveCfg = Release|Any CPU
		{D14C2B18-3E89-4DF6-86AB-B2F617C97F0C}.Release|Any CPU.Build.0 = Release|Any CPU
	EndGlobalSection
	GlobalSection(SolutionProperties) = preSolution
		HideSolutionNode = FALSE
	EndGlobalSection
	GlobalSection(ExtensibilityGlobals) = postSolution
		SolutionGuid = {2E49AE42-CC8D-47A1-B7F3-E96F525C44C4}
	EndGlobalSection
EndGlobal
